
Microsoft Visual Studio Solution File, Format Version 12.00
# Visual Studio Version 16
VisualStudioVersion = 16.0.31515.178
MinimumVisualStudioVersion = 10.0.40219.1
Project("{9A19103F-16F7-4668-BE54-9A1E7A4F7556}") = "GoussanMedia", "GoussanMedia.csproj", "{4205D351-8CEF-44D5-BB90-BFE08798FB93}"
EndProject
Project("{9A19103F-16F7-4668-BE54-9A1E7A4F7556}") = "GoussanMedia.DataAccess", "..\GoussanMedia.DataAccess\GoussanMedia.DataAccess.csproj", "{0575CFB1-BC11-4549-8EB4-3EA5D866C5F1}"
EndProject
Project("{9A19103F-16F7-4668-BE54-9A1E7A4F7556}") = "GoussanMedia.Domain", "..\GoussanMedia.Domain\GoussanMedia.Domain.csproj", "{70E88DE9-B869-4CD9-AF3B-95AE22CF1374}"
EndProject
Global
	GlobalSection(SolutionConfigurationPlatforms) = preSolution
		Debug|Any CPU = Debug|Any CPU
		Release|Any CPU = Release|Any CPU
	EndGlobalSection
	GlobalSection(ProjectConfigurationPlatforms) = postSolution
		{4205D351-8CEF-44D5-BB90-BFE08798FB93}.Debug|Any CPU.ActiveCfg = Debug|Any CPU
		{4205D351-8CEF-44D5-BB90-BFE08798FB93}.Debug|Any CPU.Build.0 = Debug|Any CPU
		{4205D351-8CEF-44D5-BB90-BFE08798FB93}.Release|Any CPU.ActiveCfg = Release|Any CPU
		{4205D351-8CEF-44D5-BB90-BFE08798FB93}.Release|Any CPU.Build.0 = Release|Any CPU
		{0575CFB1-BC11-4549-8EB4-3EA5D866C5F1}.Debug|Any CPU.ActiveCfg = Debug|Any CPU
		{0575CFB1-BC11-4549-8EB4-3EA5D866C5F1}.Debug|Any CPU.Build.0 = Debug|Any CPU
		{0575CFB1-BC11-4549-8EB4-3EA5D866C5F1}.Release|Any CPU.ActiveCfg = Release|Any CPU
		{0575CFB1-BC11-4549-8EB4-3EA5D866C5F1}.Release|Any CPU.Build.0 = Release|Any CPU
		{70E88DE9-B869-4CD9-AF3B-95AE22CF1374}.Debug|Any CPU.ActiveCfg = Debug|Any CPU
		{70E88DE9-B869-4CD9-AF3B-95AE22CF1374}.Debug|Any CPU.Build.0 = Debug|Any CPU
		{70E88DE9-B869-4CD9-AF3B-95AE22CF1374}.Release|Any CPU.ActiveCfg = Release|Any CPU
		{70E88DE9-B869-4CD9-AF3B-95AE22CF1374}.Release|Any CPU.Build.0 = Release|Any CPU
	EndGlobalSection
	GlobalSection(SolutionProperties) = preSolution
		HideSolutionNode = FALSE
	EndGlobalSection
	GlobalSection(ExtensibilityGlobals) = postSolution
		SolutionGuid = {7DB884D7-8849-4E11-A969-26FB001308EF}
	EndGlobalSection
EndGlobal
